
Microsoft Visual Studio Solution File, Format Version 12.00
# Visual Studio 15
VisualStudioVersion = 15.0.27130.2010
MinimumVisualStudioVersion = 10.0.40219.1
Project("{FAE04EC0-301F-11D3-BF4B-00C04F79EFBC}") = "ComincBook", "ComincBook\ComincBook.csproj", "{EFC0FE7D-8852-4850-98B8-83E3738E3599}"
EndProject
Global
	GlobalSection(SolutionConfigurationPlatforms) = preSolution
		Debug|Any CPU = Debug|Any CPU
		Release|Any CPU = Release|Any CPU
	EndGlobalSection
	GlobalSection(ProjectConfigurationPlatforms) = postSolution
		{EFC0FE7D-8852-4850-98B8-83E3738E3599}.Debug|Any CPU.ActiveCfg = Debug|Any CPU
		{EFC0FE7D-8852-4850-98B8-83E3738E3599}.Debug|Any CPU.Build.0 = Debug|Any CPU
		{EFC0FE7D-8852-4850-98B8-83E3738E3599}.Release|Any CPU.ActiveCfg = Release|Any CPU
		{EFC0FE7D-8852-4850-98B8-83E3738E3599}.Release|Any CPU.Build.0 = Release|Any CPU
	EndGlobalSection
	GlobalSection(SolutionProperties) = preSolution
		HideSolutionNode = FALSE
	EndGlobalSection
	GlobalSection(ExtensibilityGlobals) = postSolution
		SolutionGuid = {69766CB6-FF6D-46C3-B40E-785462246025}
	EndGlobalSection
EndGlobal
